{
  "version": 4,
  "terraform_version": "1.11.2",
  "serial": 146,
  "lineage": "2245fe3d-b85d-d837-6261-c6298302708d",
  "outputs": {},
  "resources": [
    {
      "module": "module.nat_gateway_test.module.elastic_ip_clone",
      "mode": "managed",
      "type": "aws_eip",
      "name": "elastic_ip",
      "provider": "provider[\"registry.terraform.io/hashicorp/aws\"]",
      "instances": [
        {
          "schema_version": 0,
          "attributes": {
            "address": null,
            "allocation_id": "eipalloc-0a8ae4e684b1f285f",
            "arn": "arn:aws:ec2:us-east-1:339784901191:elastic-ip/eipalloc-0a8ae4e684b1f285f",
            "associate_with_private_ip": null,
            "association_id": "",
            "carrier_ip": "",
            "customer_owned_ip": "",
            "customer_owned_ipv4_pool": "",
            "domain": "vpc",
            "id": "eipalloc-0a8ae4e684b1f285f",
            "instance": "",
            "ipam_pool_id": null,
            "network_border_group": "us-east-1",
            "network_interface": "",
            "private_dns": null,
            "private_ip": "",
            "ptr_record": "",
            "public_dns": "ec2-98-84-197-160.compute-1.amazonaws.com",
            "public_ip": "98.84.197.160",
            "public_ipv4_pool": "amazon",
            "tags": {
              "Environment": "dev",
              "Name": "test elastic_ip"
            },
            "tags_all": {
              "Environment": "dev",
              "Name": "test elastic_ip"
            },
            "timeouts": null,
            "vpc": true
          },
          "sensitive_attributes": [],
          "private": "eyJlMmJmYjczMC1lY2FhLTExZTYtOGY4OC0zNDM2M2JjN2M0YzAiOnsiZGVsZXRlIjoxODAwMDAwMDAwMDAsInJlYWQiOjkwMDAwMDAwMDAwMCwidXBkYXRlIjozMDAwMDAwMDAwMDB9fQ=="
        }
      ]
    },
    {
      "module": "module.nat_gateway_test.module.nat_gateway_default",
      "mode": "managed",
      "type": "aws_nat_gateway",
      "name": "nat_gateway",
      "provider": "provider[\"registry.terraform.io/hashicorp/aws\"]",
      "instances": [
        {
          "schema_version": 0,
          "attributes": {
            "allocation_id": "eipalloc-0a8ae4e684b1f285f",
            "association_id": "eipassoc-0d563c66975e8aa7b",
            "connectivity_type": "public",
            "id": "nat-0acbf81643e37e87c",
            "network_interface_id": "eni-0cd16d9643760f338",
            "private_ip": "172.0.101.162",
            "public_ip": "98.84.197.160",
            "secondary_allocation_ids": null,
            "secondary_private_ip_address_count": 0,
            "secondary_private_ip_addresses": [],
            "subnet_id": "subnet-01db59bc9ecafa9da",
            "tags": {
              "Name": "test_nat_gateway"
            },
            "tags_all": {
              "Name": "test_nat_gateway"
            },
            "timeouts": null
          },
          "sensitive_attributes": [],
          "private": "eyJlMmJmYjczMC1lY2FhLTExZTYtOGY4OC0zNDM2M2JjN2M0YzAiOnsiY3JlYXRlIjo2MDAwMDAwMDAwMDAsImRlbGV0ZSI6MTgwMDAwMDAwMDAwMCwidXBkYXRlIjo2MDAwMDAwMDAwMDB9fQ==",
          "dependencies": [
            "module.nat_gateway_test.module.elastic_ip_clone.aws_eip.elastic_ip",
            "module.vpc_template.module.i_gateway_clone.aws_internet_gateway.internet_gateway",
            "module.vpc_template.module.route_table_private.aws_route_table.route_table",
            "module.vpc_template.module.route_table_public.aws_route_table.route_table",
            "module.vpc_template.module.subnets_clone.aws_subnet.subnet",
            "module.vpc_template.module.vpc_with_full_structure.aws_vpc.vpc"
          ]
        }
      ]
    },
    {
      "module": "module.nat_gateway_test.module.route_rtb_privates[\"0\"]",
      "mode": "managed",
      "type": "aws_route",
      "name": "private_subnet_route",
      "provider": "provider[\"registry.terraform.io/hashicorp/aws\"]",
      "instances": [
        {
          "schema_version": 0,
          "attributes": {
            "carrier_gateway_id": "",
            "core_network_arn": "",
            "destination_cidr_block": "0.0.0.0/0",
            "destination_ipv6_cidr_block": "",
            "destination_prefix_list_id": "",
            "egress_only_gateway_id": "",
            "gateway_id": "",
            "id": "r-rtb-023e9854563fe9cf11080289494",
            "instance_id": "",
            "instance_owner_id": "",
            "local_gateway_id": "",
            "nat_gateway_id": "nat-0acbf81643e37e87c",
            "network_interface_id": "",
            "origin": "CreateRoute",
            "route_table_id": "rtb-023e9854563fe9cf1",
            "state": "active",
            "timeouts": null,
            "transit_gateway_id": "",
            "vpc_endpoint_id": "",
            "vpc_peering_connection_id": ""
          },
          "sensitive_attributes": [],
          "private": "eyJlMmJmYjczMC1lY2FhLTExZTYtOGY4OC0zNDM2M2JjN2M0YzAiOnsiY3JlYXRlIjozMDAwMDAwMDAwMDAsImRlbGV0ZSI6MzAwMDAwMDAwMDAwLCJ1cGRhdGUiOjEyMDAwMDAwMDAwMH19",
          "dependencies": [
            "module.nat_gateway_test.module.elastic_ip_clone.aws_eip.elastic_ip",
            "module.nat_gateway_test.module.nat_gateway_default.aws_nat_gateway.nat_gateway",
            "module.vpc_template.module.i_gateway_clone.aws_internet_gateway.internet_gateway",
            "module.vpc_template.module.route_table_private.aws_route_table.route_table",
            "module.vpc_template.module.route_table_public.aws_route_table.route_table",
            "module.vpc_template.module.subnets_clone.aws_subnet.subnet",
            "module.vpc_template.module.vpc_with_full_structure.aws_vpc.vpc"
          ]
        }
      ]
    },
    {
      "module": "module.rds_test.module.db_subnet_group_clone",
      "mode": "managed",
      "type": "aws_db_subnet_group",
      "name": "db_subnet_group",
      "provider": "provider[\"registry.terraform.io/hashicorp/aws\"]",
      "instances": [
        {
          "schema_version": 0,
          "attributes": {
            "arn": "arn:aws:rds:us-east-1:339784901191:subgrp:subnet_group_test_01",
            "description": "Managed by Terraform",
            "id": "subnet_group_test_01",
            "name": "subnet_group_test_01",
            "name_prefix": "",
            "subnet_ids": [
              "subnet-0167c8464b6b65a31",
              "subnet-01db59bc9ecafa9da"
            ],
            "supported_network_types": [
              "IPV4"
            ],
            "tags": {
              "Name": "subnet_group_test_01"
            },
            "tags_all": {
              "Name": "subnet_group_test_01"
            },
            "vpc_id": "vpc-05057f1f3a042983f"
          },
          "sensitive_attributes": [],
          "private": "bnVsbA==",
          "dependencies": [
            "module.vpc_template.module.i_gateway_clone.aws_internet_gateway.internet_gateway",
            "module.vpc_template.module.route_table_private.aws_route_table.route_table",
            "module.vpc_template.module.route_table_public.aws_route_table.route_table",
            "module.vpc_template.module.subnets_clone.aws_subnet.subnet",
            "module.vpc_template.module.vpc_with_full_structure.aws_vpc.vpc"
          ]
        }
      ]
    },
    {
      "module": "module.rds_test.module.rds_clone",
      "mode": "managed",
      "type": "aws_db_instance",
      "name": "rds",
      "provider": "provider[\"registry.terraform.io/hashicorp/aws\"]",
      "instances": [
        {
          "schema_version": 2,
          "attributes": {
            "address": "terraform-20250504064000047400000001.cpm02wggy33q.us-east-1.rds.amazonaws.com",
            "allocated_storage": 20,
            "allow_major_version_upgrade": null,
            "apply_immediately": false,
            "arn": "arn:aws:rds:us-east-1:339784901191:db:terraform-20250504064000047400000001",
            "auto_minor_version_upgrade": true,
            "availability_zone": "us-east-1a",
            "backup_retention_period": 0,
            "backup_target": "region",
            "backup_window": "07:47-08:17",
            "blue_green_update": [],
            "ca_cert_identifier": "rds-ca-rsa2048-g1",
            "character_set_name": "",
            "copy_tags_to_snapshot": false,
            "custom_iam_instance_profile": "",
            "customer_owned_ip_enabled": false,
            "database_insights_mode": "standard",
            "db_name": "mydb",
            "db_subnet_group_name": "subnet_group_test_01",
            "dedicated_log_volume": false,
            "delete_automated_backups": true,
            "deletion_protection": false,
            "domain": "",
            "domain_auth_secret_arn": "",
            "domain_dns_ips": null,
            "domain_fqdn": "",
            "domain_iam_role_name": "",
            "domain_ou": "",
            "enabled_cloudwatch_logs_exports": null,
            "endpoint": "terraform-20250504064000047400000001.cpm02wggy33q.us-east-1.rds.amazonaws.com:3306",
            "engine": "mysql",
            "engine_lifecycle_support": "open-source-rds-extended-support",
            "engine_version": "8.0",
            "engine_version_actual": "8.0.41",
            "final_snapshot_identifier": null,
            "hosted_zone_id": "Z2R2ITUGPM61AM",
            "iam_database_authentication_enabled": false,
            "id": "db-AFMASMX6GVFZC3OTOAHHQSFAZA",
            "identifier": "terraform-20250504064000047400000001",
            "identifier_prefix": "terraform-",
            "instance_class": "db.t3.micro",
            "iops": 0,
            "kms_key_id": "",
            "latest_restorable_time": "",
            "license_model": "general-public-license",
            "listener_endpoint": [],
            "maintenance_window": "fri:04:00-fri:04:30",
            "manage_master_user_password": null,
            "master_user_secret": [],
            "master_user_secret_kms_key_id": null,
            "max_allocated_storage": 0,
            "monitoring_interval": 0,
            "monitoring_role_arn": "",
            "multi_az": false,
            "nchar_character_set_name": "",
            "network_type": "IPV4",
            "option_group_name": "default:mysql-8-0",
            "parameter_group_name": "default.mysql8.0",
            "password": "admin0pass",
            "password_wo": null,
            "password_wo_version": null,
            "performance_insights_enabled": false,
            "performance_insights_kms_key_id": "",
            "performance_insights_retention_period": 0,
            "port": 3306,
            "publicly_accessible": true,
            "replica_mode": "",
            "replicas": [],
            "replicate_source_db": "",
            "resource_id": "db-AFMASMX6GVFZC3OTOAHHQSFAZA",
            "restore_to_point_in_time": [],
            "s3_import": [],
            "skip_final_snapshot": true,
            "snapshot_identifier": null,
            "status": "available",
            "storage_encrypted": false,
            "storage_throughput": 0,
            "storage_type": "gp2",
            "tags": {
              "Name": "mydb"
            },
            "tags_all": {
              "Name": "mydb"
            },
            "timeouts": null,
            "timezone": "",
            "upgrade_storage_config": null,
            "username": "admin",
            "vpc_security_group_ids": [
              "sg-04d9cb6eca101800b"
            ]
          },
          "sensitive_attributes": [
            [
              {
                "type": "get_attr",
                "value": "password"
              }
            ],
            [
              {
                "type": "get_attr",
                "value": "password_wo"
              }
            ]
          ],
          "private": "eyJlMmJmYjczMC1lY2FhLTExZTYtOGY4OC0zNDM2M2JjN2M0YzAiOnsiY3JlYXRlIjozMDAwMDAwMDAwMDAwLCJkZWxldGUiOjM2MDAwMDAwMDAwMDAsInVwZGF0ZSI6NDgwMDAwMDAwMDAwMH0sInNjaGVtYV92ZXJzaW9uIjoiMiJ9",
          "dependencies": [
            "module.rds_test.module.db_subnet_group_clone.aws_db_subnet_group.db_subnet_group",
            "module.security_group_test_rds.aws_security_group.security_group",
            "module.vpc_template.module.i_gateway_clone.aws_internet_gateway.internet_gateway",
            "module.vpc_template.module.route_table_private.aws_route_table.route_table",
            "module.vpc_template.module.route_table_public.aws_route_table.route_table",
            "module.vpc_template.module.subnets_clone.aws_subnet.subnet",
            "module.vpc_template.module.vpc_with_full_structure.aws_vpc.vpc"
          ]
        }
      ]
    },
    {
      "module": "module.security_group_test_rds",
      "mode": "managed",
      "type": "aws_security_group",
      "name": "security_group",
      "provider": "provider[\"registry.terraform.io/hashicorp/aws\"]",
      "instances": [
        {
          "schema_version": 1,
          "attributes": {
            "arn": "arn:aws:ec2:us-east-1:339784901191:security-group/sg-04d9cb6eca101800b",
            "description": "Security Group with Ingress and Egress rules",
            "egress": [
              {
                "cidr_blocks": [
                  "0.0.0.0/0"
                ],
                "description": "",
                "from_port": 0,
                "ipv6_cidr_blocks": [],
                "prefix_list_ids": [],
                "protocol": "-1",
                "security_groups": [],
                "self": false,
                "to_port": 0
              }
            ],
            "id": "sg-04d9cb6eca101800b",
            "ingress": [
              {
                "cidr_blocks": [
                  "0.0.0.0/0"
                ],
                "description": "",
                "from_port": -1,
                "ipv6_cidr_blocks": [],
                "prefix_list_ids": [],
                "protocol": "icmp",
                "security_groups": [],
                "self": false,
                "to_port": -1
              },
              {
                "cidr_blocks": [
                  "0.0.0.0/0"
                ],
                "description": "",
                "from_port": 22,
                "ipv6_cidr_blocks": [],
                "prefix_list_ids": [],
                "protocol": "tcp",
                "security_groups": [],
                "self": false,
                "to_port": 22
              },
              {
                "cidr_blocks": [
                  "0.0.0.0/0"
                ],
                "description": "",
                "from_port": 3306,
                "ipv6_cidr_blocks": [],
                "prefix_list_ids": [],
                "protocol": "tcp",
                "security_groups": [],
                "self": false,
                "to_port": 3306
              }
            ],
            "name": "sg_01",
            "name_prefix": "",
            "owner_id": "339784901191",
            "revoke_rules_on_delete": false,
            "tags": {
              "Name": "sg_01"
            },
            "tags_all": {
              "Name": "sg_01"
            },
            "timeouts": null,
            "vpc_id": "vpc-05057f1f3a042983f"
          },
          "sensitive_attributes": [],
          "private": "eyJlMmJmYjczMC1lY2FhLTExZTYtOGY4OC0zNDM2M2JjN2M0YzAiOnsiY3JlYXRlIjo2MDAwMDAwMDAwMDAsImRlbGV0ZSI6OTAwMDAwMDAwMDAwfSwic2NoZW1hX3ZlcnNpb24iOiIxIn0=",
          "dependencies": [
            "module.vpc_template.module.i_gateway_clone.aws_internet_gateway.internet_gateway",
            "module.vpc_template.module.route_table_private.aws_route_table.route_table",
            "module.vpc_template.module.route_table_public.aws_route_table.route_table",
            "module.vpc_template.module.subnets_clone.aws_subnet.subnet",
            "module.vpc_template.module.vpc_with_full_structure.aws_vpc.vpc"
          ]
        }
      ]
    },
    {
      "module": "module.vpc_template",
      "mode": "managed",
      "type": "aws_route_table_association",
      "name": "asc_private_subnet",
      "provider": "provider[\"registry.terraform.io/hashicorp/aws\"]",
      "instances": [
        {
          "index_key": "private_subnet_01",
          "schema_version": 0,
          "attributes": {
            "gateway_id": "",
            "id": "rtbassoc-047f813869a8f9276",
            "route_table_id": "rtb-023e9854563fe9cf1",
            "subnet_id": "subnet-00c7f6a73926617ad",
            "timeouts": null
          },
          "sensitive_attributes": [],
          "private": "eyJlMmJmYjczMC1lY2FhLTExZTYtOGY4OC0zNDM2M2JjN2M0YzAiOnsiY3JlYXRlIjozMDAwMDAwMDAwMDAsImRlbGV0ZSI6MzAwMDAwMDAwMDAwLCJ1cGRhdGUiOjEyMDAwMDAwMDAwMH19",
          "dependencies": [
            "module.vpc_template.module.route_table_private.aws_route_table.route_table",
            "module.vpc_template.module.subnets_clone.aws_subnet.subnet",
            "module.vpc_template.module.vpc_with_full_structure.aws_vpc.vpc"
          ]
        },
        {
          "index_key": "private_subnet_02",
          "schema_version": 0,
          "attributes": {
            "gateway_id": "",
            "id": "rtbassoc-01c0659002b2703ea",
            "route_table_id": "rtb-023e9854563fe9cf1",
            "subnet_id": "subnet-0f20f8558d6e1aaf0",
            "timeouts": null
          },
          "sensitive_attributes": [],
          "private": "eyJlMmJmYjczMC1lY2FhLTExZTYtOGY4OC0zNDM2M2JjN2M0YzAiOnsiY3JlYXRlIjozMDAwMDAwMDAwMDAsImRlbGV0ZSI6MzAwMDAwMDAwMDAwLCJ1cGRhdGUiOjEyMDAwMDAwMDAwMH19",
          "dependencies": [
            "module.vpc_template.module.route_table_private.aws_route_table.route_table",
            "module.vpc_template.module.subnets_clone.aws_subnet.subnet",
            "module.vpc_template.module.vpc_with_full_structure.aws_vpc.vpc"
          ]
        }
      ]
    },
    {
      "module": "module.vpc_template",
      "mode": "managed",
      "type": "aws_route_table_association",
      "name": "asc_public_subnet",
      "provider": "provider[\"registry.terraform.io/hashicorp/aws\"]",
      "instances": [
        {
          "index_key": "public_subnet_01",
          "schema_version": 0,
          "attributes": {
            "gateway_id": "",
            "id": "rtbassoc-0011391ea549c72af",
            "route_table_id": "rtb-0439e58ff7d5c48c4",
            "subnet_id": "subnet-01db59bc9ecafa9da",
            "timeouts": null
          },
          "sensitive_attributes": [],
          "private": "eyJlMmJmYjczMC1lY2FhLTExZTYtOGY4OC0zNDM2M2JjN2M0YzAiOnsiY3JlYXRlIjozMDAwMDAwMDAwMDAsImRlbGV0ZSI6MzAwMDAwMDAwMDAwLCJ1cGRhdGUiOjEyMDAwMDAwMDAwMH19",
          "dependencies": [
            "module.vpc_template.module.i_gateway_clone.aws_internet_gateway.internet_gateway",
            "module.vpc_template.module.route_table_public.aws_route_table.route_table",
            "module.vpc_template.module.subnets_clone.aws_subnet.subnet",
            "module.vpc_template.module.vpc_with_full_structure.aws_vpc.vpc"
          ]
        },
        {
          "index_key": "public_subnet_02",
          "schema_version": 0,
          "attributes": {
            "gateway_id": "",
            "id": "rtbassoc-0e758eda10a95158c",
            "route_table_id": "rtb-0439e58ff7d5c48c4",
            "subnet_id": "subnet-0167c8464b6b65a31",
            "timeouts": null
          },
          "sensitive_attributes": [],
          "private": "eyJlMmJmYjczMC1lY2FhLTExZTYtOGY4OC0zNDM2M2JjN2M0YzAiOnsiY3JlYXRlIjozMDAwMDAwMDAwMDAsImRlbGV0ZSI6MzAwMDAwMDAwMDAwLCJ1cGRhdGUiOjEyMDAwMDAwMDAwMH19",
          "dependencies": [
            "module.vpc_template.module.i_gateway_clone.aws_internet_gateway.internet_gateway",
            "module.vpc_template.module.route_table_public.aws_route_table.route_table",
            "module.vpc_template.module.subnets_clone.aws_subnet.subnet",
            "module.vpc_template.module.vpc_with_full_structure.aws_vpc.vpc"
          ]
        }
      ]
    },
    {
      "module": "module.vpc_template.module.i_gateway_clone",
      "mode": "managed",
      "type": "aws_internet_gateway",
      "name": "internet_gateway",
      "provider": "provider[\"registry.terraform.io/hashicorp/aws\"]",
      "instances": [
        {
          "schema_version": 0,
          "attributes": {
            "arn": "arn:aws:ec2:us-east-1:339784901191:internet-gateway/igw-0f5e3565b92ae9fd5",
            "id": "igw-0f5e3565b92ae9fd5",
            "owner_id": "339784901191",
            "tags": {
              "Environment": "dev",
              "Name": "test_gateway_01"
            },
            "tags_all": {
              "Environment": "dev",
              "Name": "test_gateway_01"
            },
            "timeouts": null,
            "vpc_id": "vpc-05057f1f3a042983f"
          },
          "sensitive_attributes": [],
          "private": "eyJlMmJmYjczMC1lY2FhLTExZTYtOGY4OC0zNDM2M2JjN2M0YzAiOnsiY3JlYXRlIjoxMjAwMDAwMDAwMDAwLCJkZWxldGUiOjEyMDAwMDAwMDAwMDAsInVwZGF0ZSI6MTIwMDAwMDAwMDAwMH19",
          "dependencies": [
            "module.vpc_template.module.vpc_with_full_structure.aws_vpc.vpc"
          ],
          "create_before_destroy": true
        }
      ]
    },
    {
      "module": "module.vpc_template.module.route_table_private",
      "mode": "managed",
      "type": "aws_route_table",
      "name": "route_table",
      "provider": "provider[\"registry.terraform.io/hashicorp/aws\"]",
      "instances": [
        {
          "schema_version": 0,
          "attributes": {
            "arn": "arn:aws:ec2:us-east-1:339784901191:route-table/rtb-023e9854563fe9cf1",
            "id": "rtb-023e9854563fe9cf1",
            "owner_id": "339784901191",
            "propagating_vgws": [],
            "route": [
              {
                "carrier_gateway_id": "",
                "cidr_block": "0.0.0.0/0",
                "core_network_arn": "",
                "destination_prefix_list_id": "",
                "egress_only_gateway_id": "",
                "gateway_id": "",
                "ipv6_cidr_block": "",
                "local_gateway_id": "",
                "nat_gateway_id": "nat-0acbf81643e37e87c",
                "network_interface_id": "",
                "transit_gateway_id": "",
                "vpc_endpoint_id": "",
                "vpc_peering_connection_id": ""
              }
            ],
            "tags": {
              "Environment": "dev",
              "Name": "private_route_table_01"
            },
            "tags_all": {
              "Environment": "dev",
              "Name": "private_route_table_01"
            },
            "timeouts": null,
            "vpc_id": "vpc-05057f1f3a042983f"
          },
          "sensitive_attributes": [],
          "private": "eyJlMmJmYjczMC1lY2FhLTExZTYtOGY4OC0zNDM2M2JjN2M0YzAiOnsiY3JlYXRlIjozMDAwMDAwMDAwMDAsImRlbGV0ZSI6MzAwMDAwMDAwMDAwLCJ1cGRhdGUiOjEyMDAwMDAwMDAwMH19",
          "dependencies": [
            "module.vpc_template.module.vpc_with_full_structure.aws_vpc.vpc"
          ],
          "create_before_destroy": true
        }
      ]
    },
    {
      "module": "module.vpc_template.module.route_table_public",
      "mode": "managed",
      "type": "aws_route_table",
      "name": "route_table",
      "provider": "provider[\"registry.terraform.io/hashicorp/aws\"]",
      "instances": [
        {
          "schema_version": 0,
          "attributes": {
            "arn": "arn:aws:ec2:us-east-1:339784901191:route-table/rtb-0439e58ff7d5c48c4",
            "id": "rtb-0439e58ff7d5c48c4",
            "owner_id": "339784901191",
            "propagating_vgws": [],
            "route": [
              {
                "carrier_gateway_id": "",
                "cidr_block": "0.0.0.0/0",
                "core_network_arn": "",
                "destination_prefix_list_id": "",
                "egress_only_gateway_id": "",
                "gateway_id": "igw-0f5e3565b92ae9fd5",
                "ipv6_cidr_block": "",
                "local_gateway_id": "",
                "nat_gateway_id": "",
                "network_interface_id": "",
                "transit_gateway_id": "",
                "vpc_endpoint_id": "",
                "vpc_peering_connection_id": ""
              }
            ],
            "tags": {
              "Environment": "dev",
              "Name": "public_route_table_01"
            },
            "tags_all": {
              "Environment": "dev",
              "Name": "public_route_table_01"
            },
            "timeouts": null,
            "vpc_id": "vpc-05057f1f3a042983f"
          },
          "sensitive_attributes": [],
          "private": "eyJlMmJmYjczMC1lY2FhLTExZTYtOGY4OC0zNDM2M2JjN2M0YzAiOnsiY3JlYXRlIjozMDAwMDAwMDAwMDAsImRlbGV0ZSI6MzAwMDAwMDAwMDAwLCJ1cGRhdGUiOjEyMDAwMDAwMDAwMH19",
          "dependencies": [
            "module.vpc_template.module.i_gateway_clone.aws_internet_gateway.internet_gateway",
            "module.vpc_template.module.vpc_with_full_structure.aws_vpc.vpc"
          ],
          "create_before_destroy": true
        }
      ]
    },
    {
      "module": "module.vpc_template.module.subnets_clone[\"private_subnet_01\"]",
      "mode": "managed",
      "type": "aws_subnet",
      "name": "subnet",
      "provider": "provider[\"registry.terraform.io/hashicorp/aws\"]",
      "instances": [
        {
          "schema_version": 1,
          "attributes": {
            "arn": "arn:aws:ec2:us-east-1:339784901191:subnet/subnet-00c7f6a73926617ad",
            "assign_ipv6_address_on_creation": false,
            "availability_zone": "us-east-1a",
            "availability_zone_id": "use1-az6",
            "cidr_block": "172.0.0.0/18",
            "customer_owned_ipv4_pool": "",
            "enable_dns64": false,
            "enable_lni_at_device_index": 0,
            "enable_resource_name_dns_a_record_on_launch": false,
            "enable_resource_name_dns_aaaa_record_on_launch": false,
            "id": "subnet-00c7f6a73926617ad",
            "ipv6_cidr_block": "",
            "ipv6_cidr_block_association_id": "",
            "ipv6_native": false,
            "map_customer_owned_ip_on_launch": false,
            "map_public_ip_on_launch": true,
            "outpost_arn": "",
            "owner_id": "339784901191",
            "private_dns_hostname_type_on_launch": "ip-name",
            "tags": {
              "Name": "private_subnet_01"
            },
            "tags_all": {
              "Name": "private_subnet_01"
            },
            "timeouts": null,
            "vpc_id": "vpc-05057f1f3a042983f"
          },
          "sensitive_attributes": [],
          "private": "eyJlMmJmYjczMC1lY2FhLTExZTYtOGY4OC0zNDM2M2JjN2M0YzAiOnsiY3JlYXRlIjo2MDAwMDAwMDAwMDAsImRlbGV0ZSI6MTIwMDAwMDAwMDAwMH0sInNjaGVtYV92ZXJzaW9uIjoiMSJ9",
          "dependencies": [
            "module.vpc_template.module.vpc_with_full_structure.aws_vpc.vpc"
          ],
          "create_before_destroy": true
        }
      ]
    },
    {
      "module": "module.vpc_template.module.subnets_clone[\"private_subnet_02\"]",
      "mode": "managed",
      "type": "aws_subnet",
      "name": "subnet",
      "provider": "provider[\"registry.terraform.io/hashicorp/aws\"]",
      "instances": [
        {
          "schema_version": 1,
          "attributes": {
            "arn": "arn:aws:ec2:us-east-1:339784901191:subnet/subnet-0f20f8558d6e1aaf0",
            "assign_ipv6_address_on_creation": false,
            "availability_zone": "us-east-1b",
            "availability_zone_id": "use1-az1",
            "cidr_block": "172.0.128.0/18",
            "customer_owned_ipv4_pool": "",
            "enable_dns64": false,
            "enable_lni_at_device_index": 0,
            "enable_resource_name_dns_a_record_on_launch": false,
            "enable_resource_name_dns_aaaa_record_on_launch": false,
            "id": "subnet-0f20f8558d6e1aaf0",
            "ipv6_cidr_block": "",
            "ipv6_cidr_block_association_id": "",
            "ipv6_native": false,
            "map_customer_owned_ip_on_launch": false,
            "map_public_ip_on_launch": true,
            "outpost_arn": "",
            "owner_id": "339784901191",
            "private_dns_hostname_type_on_launch": "ip-name",
            "tags": {
              "Name": "private_subnet_02"
            },
            "tags_all": {
              "Name": "private_subnet_02"
            },
            "timeouts": null,
            "vpc_id": "vpc-05057f1f3a042983f"
          },
          "sensitive_attributes": [],
          "private": "eyJlMmJmYjczMC1lY2FhLTExZTYtOGY4OC0zNDM2M2JjN2M0YzAiOnsiY3JlYXRlIjo2MDAwMDAwMDAwMDAsImRlbGV0ZSI6MTIwMDAwMDAwMDAwMH0sInNjaGVtYV92ZXJzaW9uIjoiMSJ9",
          "dependencies": [
            "module.vpc_template.module.vpc_with_full_structure.aws_vpc.vpc"
          ],
          "create_before_destroy": true
        }
      ]
    },
    {
      "module": "module.vpc_template.module.subnets_clone[\"public_subnet_01\"]",
      "mode": "managed",
      "type": "aws_subnet",
      "name": "subnet",
      "provider": "provider[\"registry.terraform.io/hashicorp/aws\"]",
      "instances": [
        {
          "schema_version": 1,
          "attributes": {
            "arn": "arn:aws:ec2:us-east-1:339784901191:subnet/subnet-01db59bc9ecafa9da",
            "assign_ipv6_address_on_creation": false,
            "availability_zone": "us-east-1a",
            "availability_zone_id": "use1-az6",
            "cidr_block": "172.0.64.0/18",
            "customer_owned_ipv4_pool": "",
            "enable_dns64": false,
            "enable_lni_at_device_index": 0,
            "enable_resource_name_dns_a_record_on_launch": false,
            "enable_resource_name_dns_aaaa_record_on_launch": false,
            "id": "subnet-01db59bc9ecafa9da",
            "ipv6_cidr_block": "",
            "ipv6_cidr_block_association_id": "",
            "ipv6_native": false,
            "map_customer_owned_ip_on_launch": false,
            "map_public_ip_on_launch": true,
            "outpost_arn": "",
            "owner_id": "339784901191",
            "private_dns_hostname_type_on_launch": "ip-name",
            "tags": {
              "Name": "public_subnet_01"
            },
            "tags_all": {
              "Name": "public_subnet_01"
            },
            "timeouts": null,
            "vpc_id": "vpc-05057f1f3a042983f"
          },
          "sensitive_attributes": [],
          "private": "eyJlMmJmYjczMC1lY2FhLTExZTYtOGY4OC0zNDM2M2JjN2M0YzAiOnsiY3JlYXRlIjo2MDAwMDAwMDAwMDAsImRlbGV0ZSI6MTIwMDAwMDAwMDAwMH0sInNjaGVtYV92ZXJzaW9uIjoiMSJ9",
          "dependencies": [
            "module.vpc_template.module.vpc_with_full_structure.aws_vpc.vpc"
          ],
          "create_before_destroy": true
        }
      ]
    },
    {
      "module": "module.vpc_template.module.subnets_clone[\"public_subnet_02\"]",
      "mode": "managed",
      "type": "aws_subnet",
      "name": "subnet",
      "provider": "provider[\"registry.terraform.io/hashicorp/aws\"]",
      "instances": [
        {
          "schema_version": 1,
          "attributes": {
            "arn": "arn:aws:ec2:us-east-1:339784901191:subnet/subnet-0167c8464b6b65a31",
            "assign_ipv6_address_on_creation": false,
            "availability_zone": "us-east-1b",
            "availability_zone_id": "use1-az1",
            "cidr_block": "172.0.192.0/18",
            "customer_owned_ipv4_pool": "",
            "enable_dns64": false,
            "enable_lni_at_device_index": 0,
            "enable_resource_name_dns_a_record_on_launch": false,
            "enable_resource_name_dns_aaaa_record_on_launch": false,
            "id": "subnet-0167c8464b6b65a31",
            "ipv6_cidr_block": "",
            "ipv6_cidr_block_association_id": "",
            "ipv6_native": false,
            "map_customer_owned_ip_on_launch": false,
            "map_public_ip_on_launch": true,
            "outpost_arn": "",
            "owner_id": "339784901191",
            "private_dns_hostname_type_on_launch": "ip-name",
            "tags": {
              "Name": "public_subnet_02"
            },
            "tags_all": {
              "Name": "public_subnet_02"
            },
            "timeouts": null,
            "vpc_id": "vpc-05057f1f3a042983f"
          },
          "sensitive_attributes": [],
          "private": "eyJlMmJmYjczMC1lY2FhLTExZTYtOGY4OC0zNDM2M2JjN2M0YzAiOnsiY3JlYXRlIjo2MDAwMDAwMDAwMDAsImRlbGV0ZSI6MTIwMDAwMDAwMDAwMH0sInNjaGVtYV92ZXJzaW9uIjoiMSJ9",
          "dependencies": [
            "module.vpc_template.module.vpc_with_full_structure.aws_vpc.vpc"
          ],
          "create_before_destroy": true
        }
      ]
    },
    {
      "module": "module.vpc_template.module.vpc_with_full_structure",
      "mode": "managed",
      "type": "aws_vpc",
      "name": "vpc",
      "provider": "provider[\"registry.terraform.io/hashicorp/aws\"]",
      "instances": [
        {
          "schema_version": 1,
          "attributes": {
            "arn": "arn:aws:ec2:us-east-1:339784901191:vpc/vpc-05057f1f3a042983f",
            "assign_generated_ipv6_cidr_block": false,
            "cidr_block": "172.0.0.0/16",
            "default_network_acl_id": "acl-0eb22ba63e743544d",
            "default_route_table_id": "rtb-0ea4c89a870d30bfc",
            "default_security_group_id": "sg-04bf91baae2a574fe",
            "dhcp_options_id": "dopt-015b1a02714be9502",
            "enable_dns_hostnames": true,
            "enable_dns_support": true,
            "enable_network_address_usage_metrics": false,
            "id": "vpc-05057f1f3a042983f",
            "instance_tenancy": "default",
            "ipv4_ipam_pool_id": null,
            "ipv4_netmask_length": null,
            "ipv6_association_id": "",
            "ipv6_cidr_block": "",
            "ipv6_cidr_block_network_border_group": "",
            "ipv6_ipam_pool_id": "",
            "ipv6_netmask_length": 0,
            "main_route_table_id": "rtb-0ea4c89a870d30bfc",
            "owner_id": "339784901191",
            "tags": {
              "Name": "test_vpc_01"
            },
            "tags_all": {
              "Name": "test_vpc_01"
            }
          },
          "sensitive_attributes": [],
          "private": "eyJzY2hlbWFfdmVyc2lvbiI6IjEifQ==",
          "create_before_destroy": true
        }
      ]
    }
  ],
  "check_results": null
}
