{
  "version": 4,
  "terraform_version": "1.11.1",
  "serial": 240,
  "lineage": "2245fe3d-b85d-d837-6261-c6298302708d",
  "outputs": {
    "rds_endpoint": {
      "value": "terraform-20250504155719360200000001.ct826iweg6n5.us-east-1.rds.amazonaws.com:3306",
      "type": "string"
    }
  },
  "resources": [
    {
      "module": "module.host_01.module.ec2_host.module.ec2_with_kp_clone",
      "mode": "managed",
      "type": "aws_instance",
      "name": "ec2",
      "provider": "provider[\"registry.terraform.io/hashicorp/aws\"]",
      "instances": [
        {
          "schema_version": 1,
          "attributes": {
            "ami": "ami-0f9de6e2d2f067fca",
            "arn": "arn:aws:ec2:us-east-1:344143994509:instance/i-03e3398ce95037cd0",
            "associate_public_ip_address": true,
            "availability_zone": "us-east-1a",
            "capacity_reservation_specification": [
              {
                "capacity_reservation_preference": "open",
                "capacity_reservation_target": []
              }
            ],
            "cpu_core_count": 1,
            "cpu_options": [
              {
                "amd_sev_snp": "",
                "core_count": 1,
                "threads_per_core": 1
              }
            ],
            "cpu_threads_per_core": 1,
            "credit_specification": [
              {
                "cpu_credits": "standard"
              }
            ],
            "disable_api_stop": false,
            "disable_api_termination": false,
            "ebs_block_device": [
              {
                "delete_on_termination": true,
                "device_name": "/dev/sda1",
                "encrypted": false,
                "iops": 100,
                "kms_key_id": "",
                "snapshot_id": "",
                "tags": {},
                "tags_all": {},
                "throughput": 0,
                "volume_id": "vol-08a399ce9e57cf365",
                "volume_size": 20,
                "volume_type": "gp2"
              }
            ],
            "ebs_optimized": false,
            "enable_primary_ipv6": null,
            "enclave_options": [
              {
                "enabled": false
              }
            ],
            "ephemeral_block_device": [],
            "get_password_data": false,
            "hibernation": false,
            "host_id": "",
            "host_resource_group_arn": null,
            "iam_instance_profile": "",
            "id": "i-03e3398ce95037cd0",
            "instance_initiated_shutdown_behavior": "stop",
            "instance_lifecycle": "",
            "instance_market_options": [],
            "instance_state": "running",
            "instance_type": "t2.micro",
            "ipv6_address_count": 0,
            "ipv6_addresses": [],
            "key_name": "test_key_01",
            "launch_template": [],
            "maintenance_options": [
              {
                "auto_recovery": "default"
              }
            ],
            "metadata_options": [
              {
                "http_endpoint": "enabled",
                "http_protocol_ipv6": "disabled",
                "http_put_response_hop_limit": 2,
                "http_tokens": "required",
                "instance_metadata_tags": "disabled"
              }
            ],
            "monitoring": true,
            "network_interface": [],
            "outpost_arn": "",
            "password_data": "",
            "placement_group": "",
            "placement_partition_number": 0,
            "primary_network_interface_id": "eni-0e1138dc2eaf81487",
            "private_dns": "ip-172-0-96-252.ec2.internal",
            "private_dns_name_options": [
              {
                "enable_resource_name_dns_a_record": false,
                "enable_resource_name_dns_aaaa_record": false,
                "hostname_type": "ip-name"
              }
            ],
            "private_ip": "172.0.96.252",
            "public_dns": "ec2-54-158-202-108.compute-1.amazonaws.com",
            "public_ip": "54.158.202.108",
            "root_block_device": [
              {
                "delete_on_termination": true,
                "device_name": "/dev/sda1",
                "encrypted": false,
                "iops": 100,
                "kms_key_id": "",
                "tags": {},
                "tags_all": {},
                "throughput": 0,
                "volume_id": "vol-08a399ce9e57cf365",
                "volume_size": 20,
                "volume_type": "gp2"
              }
            ],
            "secondary_private_ips": [],
            "security_groups": [],
            "source_dest_check": true,
            "spot_instance_request_id": "",
            "subnet_id": "subnet-0ab26f481dede1192",
            "tags": {
              "Name": "test_ec2_01"
            },
            "tags_all": {
              "Name": "test_ec2_01"
            },
            "tenancy": "default",
            "timeouts": null,
            "user_data": "",
            "user_data_base64": null,
            "user_data_replace_on_change": false,
            "volume_tags": null,
            "vpc_security_group_ids": [
              "sg-008c26d28aae7d060"
            ]
          },
          "sensitive_attributes": [],
          "private": "eyJlMmJmYjczMC1lY2FhLTExZTYtOGY4OC0zNDM2M2JjN2M0YzAiOnsiY3JlYXRlIjo2MDAwMDAwMDAwMDAsImRlbGV0ZSI6MTIwMDAwMDAwMDAwMCwicmVhZCI6OTAwMDAwMDAwMDAwLCJ1cGRhdGUiOjYwMDAwMDAwMDAwMH0sInNjaGVtYV92ZXJzaW9uIjoiMSJ9",
          "dependencies": [
            "module.host_01.module.ec2_host.module.key_pair_clone.aws_key_pair.key_pair",
            "module.host_01.module.security_group_for_ec2.aws_security_group.security_group",
            "module.vpc_template.module.i_gateway_clone.aws_internet_gateway.internet_gateway",
            "module.vpc_template.module.route_table_private.aws_route_table.route_table",
            "module.vpc_template.module.route_table_public.aws_route_table.route_table",
            "module.vpc_template.module.subnets_clone.aws_subnet.subnet",
            "module.vpc_template.module.vpc_with_full_structure.aws_vpc.vpc"
          ],
          "create_before_destroy": true
        }
      ]
    },
    {
      "module": "module.host_01.module.ec2_host.module.key_pair_clone",
      "mode": "managed",
      "type": "aws_key_pair",
      "name": "key_pair",
      "provider": "provider[\"registry.terraform.io/hashicorp/aws\"]",
      "instances": [
        {
          "schema_version": 1,
          "attributes": {
            "arn": "arn:aws:ec2:us-east-1:344143994509:key-pair/test_key_01",
            "fingerprint": "bd:a2:5e:81:96:f3:cb:01:89:f8:d6:bb:31:f7:ec:45",
            "id": "test_key_01",
            "key_name": "test_key_01",
            "key_name_prefix": "",
            "key_pair_id": "key-038d68c4eff6bbc25",
            "key_type": "rsa",
            "public_key": "ssh-rsa AAAAB3NzaC1yc2EAAAADAQABAAACAQCoAsHn6oKIWlJLa+TtX/fDWMxxgH+bg5RPbsRHd7/7xDKZsSyS4dGuNEhW4tVofAz2u6KMso0RA8lso7JLyjYrX1mgM8I/Z2U5KzGkpzxWDoMgU3dp1prFgjSGLh61PC01Oql8TdElamgATraSQT2grz/mOeXrXLksWQoI1V+CkzmqGZ2s1luN90fQ74zRv31bY/dYpb0Zsp0P/UrrnrhC2XtGh1ee27vRKxI9tVumGGYqFOiNfp3Mm9joPdXglLF6c7O1UhQtLAAsmZNmBy8X2/nfJuxSqT3j3RXGaxjlPz6kture7oQD8AEEUyT7n3ZIyqOKa3uZTBEOMM2AzR75JWrLcENakEay3X3/7H2SN5l0JI8Lgy7d+KojBTsxVW6qF8VgXWBbi++gf3ZF74M7Iqb/K69xzVvC3SPj78vFyllte1mndiva/mcOnDvaD8dldCOUoh87ch4n1hu2Nknxd1bUmUUCW7rQrYPLZTby+8vuEklLbOHyiUYWoicCBDmKpadsWWVCTP3Yq86M8aC8w/CAzbs6OZk1gC+fAWjgACOIXUwCNwc9HE9gTfB0Qp0tUVSu05b3sMrEGBb/qRjOEOOIRX60whNdPwxMuKejzvxpRBCAsE9NXTFSt0nVxJUvH9YAu86LfVld5ytvN6xyZXz7Hn7uPJBprBb5z8qu3Q== GIGABYTE@DESKTOP-LN015NC",
            "tags": {},
            "tags_all": {}
          },
          "sensitive_attributes": [],
          "private": "eyJzY2hlbWFfdmVyc2lvbiI6IjEifQ==",
          "create_before_destroy": true
        }
      ]
    },
    {
      "module": "module.host_01.module.security_group_for_ec2",
      "mode": "managed",
      "type": "aws_security_group",
      "name": "security_group",
      "provider": "provider[\"registry.terraform.io/hashicorp/aws\"]",
      "instances": [
        {
          "schema_version": 1,
          "attributes": {
            "arn": "arn:aws:ec2:us-east-1:344143994509:security-group/sg-008c26d28aae7d060",
            "description": "Security Group with Ingress and Egress rules",
            "egress": [
              {
                "cidr_blocks": [
                  "0.0.0.0/0"
                ],
                "description": "",
                "from_port": 0,
                "ipv6_cidr_blocks": [],
                "prefix_list_ids": [],
                "protocol": "-1",
                "security_groups": [],
                "self": false,
                "to_port": 0
              }
            ],
            "id": "sg-008c26d28aae7d060",
            "ingress": [
              {
                "cidr_blocks": [
                  "0.0.0.0/0"
                ],
                "description": "",
                "from_port": -1,
                "ipv6_cidr_blocks": [],
                "prefix_list_ids": [],
                "protocol": "icmp",
                "security_groups": [],
                "self": false,
                "to_port": -1
              },
              {
                "cidr_blocks": [
                  "0.0.0.0/0"
                ],
                "description": "",
                "from_port": 22,
                "ipv6_cidr_blocks": [],
                "prefix_list_ids": [],
                "protocol": "tcp",
                "security_groups": [],
                "self": false,
                "to_port": 22
              },
              {
                "cidr_blocks": [
                  "0.0.0.0/0"
                ],
                "description": "",
                "from_port": 80,
                "ipv6_cidr_blocks": [],
                "prefix_list_ids": [],
                "protocol": "tcp",
                "security_groups": [],
                "self": false,
                "to_port": 80
              }
            ],
            "name": "test_sg_01",
            "name_prefix": "",
            "owner_id": "344143994509",
            "revoke_rules_on_delete": false,
            "tags": {
              "Name": "test_sg_01"
            },
            "tags_all": {
              "Name": "test_sg_01"
            },
            "timeouts": null,
            "vpc_id": "vpc-0fad1a2895c364829"
          },
          "sensitive_attributes": [],
          "private": "eyJlMmJmYjczMC1lY2FhLTExZTYtOGY4OC0zNDM2M2JjN2M0YzAiOnsiY3JlYXRlIjo2MDAwMDAwMDAwMDAsImRlbGV0ZSI6OTAwMDAwMDAwMDAwfSwic2NoZW1hX3ZlcnNpb24iOiIxIn0=",
          "dependencies": [
            "module.vpc_template.module.i_gateway_clone.aws_internet_gateway.internet_gateway",
            "module.vpc_template.module.route_table_private.aws_route_table.route_table",
            "module.vpc_template.module.route_table_public.aws_route_table.route_table",
            "module.vpc_template.module.subnets_clone.aws_subnet.subnet",
            "module.vpc_template.module.vpc_with_full_structure.aws_vpc.vpc"
          ],
          "create_before_destroy": true
        }
      ]
    },
    {
      "module": "module.nat_gateway_test.module.elastic_ip_clone",
      "mode": "managed",
      "type": "aws_eip",
      "name": "elastic_ip",
      "provider": "provider[\"registry.terraform.io/hashicorp/aws\"]",
      "instances": [
        {
          "schema_version": 0,
          "attributes": {
            "address": null,
            "allocation_id": "eipalloc-070752a56e67b9ced",
            "arn": "arn:aws:ec2:us-east-1:344143994509:elastic-ip/eipalloc-070752a56e67b9ced",
            "associate_with_private_ip": null,
            "association_id": "eipassoc-00c7a6674baa37597",
            "carrier_ip": "",
            "customer_owned_ip": "",
            "customer_owned_ipv4_pool": "",
            "domain": "vpc",
            "id": "eipalloc-070752a56e67b9ced",
            "instance": "",
            "ipam_pool_id": null,
            "network_border_group": "us-east-1",
            "network_interface": "eni-01d864bbbac01b59a",
            "private_dns": "ip-172-0-84-221.ec2.internal",
            "private_ip": "172.0.84.221",
            "ptr_record": "",
            "public_dns": "ec2-13-219-24-240.compute-1.amazonaws.com",
            "public_ip": "13.219.24.240",
            "public_ipv4_pool": "amazon",
            "tags": {
              "Environment": "dev",
              "Name": "test elastic_ip"
            },
            "tags_all": {
              "Environment": "dev",
              "Name": "test elastic_ip"
            },
            "timeouts": null,
            "vpc": true
          },
          "sensitive_attributes": [],
          "private": "eyJlMmJmYjczMC1lY2FhLTExZTYtOGY4OC0zNDM2M2JjN2M0YzAiOnsiZGVsZXRlIjoxODAwMDAwMDAwMDAsInJlYWQiOjkwMDAwMDAwMDAwMCwidXBkYXRlIjozMDAwMDAwMDAwMDB9fQ=="
        }
      ]
    },
    {
      "module": "module.nat_gateway_test.module.nat_gateway_default",
      "mode": "managed",
      "type": "aws_nat_gateway",
      "name": "nat_gateway",
      "provider": "provider[\"registry.terraform.io/hashicorp/aws\"]",
      "instances": [
        {
          "schema_version": 0,
          "attributes": {
            "allocation_id": "eipalloc-070752a56e67b9ced",
            "association_id": "eipassoc-00c7a6674baa37597",
            "connectivity_type": "public",
            "id": "nat-028f050063a6cddd4",
            "network_interface_id": "eni-01d864bbbac01b59a",
            "private_ip": "172.0.84.221",
            "public_ip": "13.219.24.240",
            "secondary_allocation_ids": [],
            "secondary_private_ip_address_count": 0,
            "secondary_private_ip_addresses": [],
            "subnet_id": "subnet-0ab26f481dede1192",
            "tags": {
              "Name": "test_nat_gateway"
            },
            "tags_all": {
              "Name": "test_nat_gateway"
            },
            "timeouts": null
          },
          "sensitive_attributes": [],
          "private": "eyJlMmJmYjczMC1lY2FhLTExZTYtOGY4OC0zNDM2M2JjN2M0YzAiOnsiY3JlYXRlIjo2MDAwMDAwMDAwMDAsImRlbGV0ZSI6MTgwMDAwMDAwMDAwMCwidXBkYXRlIjo2MDAwMDAwMDAwMDB9fQ==",
          "dependencies": [
            "module.nat_gateway_test.module.elastic_ip_clone.aws_eip.elastic_ip",
            "module.vpc_template.module.i_gateway_clone.aws_internet_gateway.internet_gateway",
            "module.vpc_template.module.route_table_private.aws_route_table.route_table",
            "module.vpc_template.module.route_table_public.aws_route_table.route_table",
            "module.vpc_template.module.subnets_clone.aws_subnet.subnet",
            "module.vpc_template.module.vpc_with_full_structure.aws_vpc.vpc"
          ]
        }
      ]
    },
    {
      "module": "module.nat_gateway_test.module.route_rtb_privates[\"0\"]",
      "mode": "managed",
      "type": "aws_route",
      "name": "private_subnet_route",
      "provider": "provider[\"registry.terraform.io/hashicorp/aws\"]",
      "instances": [
        {
          "schema_version": 0,
          "attributes": {
            "carrier_gateway_id": "",
            "core_network_arn": "",
            "destination_cidr_block": "0.0.0.0/0",
            "destination_ipv6_cidr_block": "",
            "destination_prefix_list_id": "",
            "egress_only_gateway_id": "",
            "gateway_id": "",
            "id": "r-rtb-0861f00dbe1c1b41d1080289494",
            "instance_id": "",
            "instance_owner_id": "",
            "local_gateway_id": "",
            "nat_gateway_id": "nat-028f050063a6cddd4",
            "network_interface_id": "",
            "origin": "CreateRoute",
            "route_table_id": "rtb-0861f00dbe1c1b41d",
            "state": "active",
            "timeouts": null,
            "transit_gateway_id": "",
            "vpc_endpoint_id": "",
            "vpc_peering_connection_id": ""
          },
          "sensitive_attributes": [],
          "private": "eyJlMmJmYjczMC1lY2FhLTExZTYtOGY4OC0zNDM2M2JjN2M0YzAiOnsiY3JlYXRlIjozMDAwMDAwMDAwMDAsImRlbGV0ZSI6MzAwMDAwMDAwMDAwLCJ1cGRhdGUiOjEyMDAwMDAwMDAwMH19",
          "dependencies": [
            "module.nat_gateway_test.module.elastic_ip_clone.aws_eip.elastic_ip",
            "module.nat_gateway_test.module.nat_gateway_default.aws_nat_gateway.nat_gateway",
            "module.vpc_template.module.i_gateway_clone.aws_internet_gateway.internet_gateway",
            "module.vpc_template.module.route_table_private.aws_route_table.route_table",
            "module.vpc_template.module.route_table_public.aws_route_table.route_table",
            "module.vpc_template.module.subnets_clone.aws_subnet.subnet",
            "module.vpc_template.module.vpc_with_full_structure.aws_vpc.vpc"
          ]
        }
      ]
    },
    {
      "module": "module.rds_test.module.db_subnet_group_clone",
      "mode": "managed",
      "type": "aws_db_subnet_group",
      "name": "db_subnet_group",
      "provider": "provider[\"registry.terraform.io/hashicorp/aws\"]",
      "instances": [
        {
          "schema_version": 0,
          "attributes": {
            "arn": "arn:aws:rds:us-east-1:344143994509:subgrp:subnet_group_test_01",
            "description": "Managed by Terraform",
            "id": "subnet_group_test_01",
            "name": "subnet_group_test_01",
            "name_prefix": "",
            "subnet_ids": [
              "subnet-00f2e4ed0c8e7c391",
              "subnet-0ab26f481dede1192"
            ],
            "supported_network_types": [
              "IPV4"
            ],
            "tags": {
              "Name": "subnet_group_test_01"
            },
            "tags_all": {
              "Name": "subnet_group_test_01"
            },
            "vpc_id": "vpc-0fad1a2895c364829"
          },
          "sensitive_attributes": [],
          "private": "bnVsbA==",
          "dependencies": [
            "module.vpc_template.module.i_gateway_clone.aws_internet_gateway.internet_gateway",
            "module.vpc_template.module.route_table_private.aws_route_table.route_table",
            "module.vpc_template.module.route_table_public.aws_route_table.route_table",
            "module.vpc_template.module.subnets_clone.aws_subnet.subnet",
            "module.vpc_template.module.vpc_with_full_structure.aws_vpc.vpc"
          ]
        }
      ]
    },
    {
      "module": "module.rds_test.module.rds_clone",
      "mode": "managed",
      "type": "aws_db_instance",
      "name": "rds",
      "provider": "provider[\"registry.terraform.io/hashicorp/aws\"]",
      "instances": [
        {
          "schema_version": 2,
          "attributes": {
            "address": "terraform-20250504154223609200000004.ct826iweg6n5.us-east-1.rds.amazonaws.com",
            "allocated_storage": 20,
            "allow_major_version_upgrade": null,
            "apply_immediately": false,
            "arn": "arn:aws:rds:us-east-1:344143994509:db:terraform-20250504154223609200000004",
            "auto_minor_version_upgrade": true,
            "availability_zone": "us-east-1a",
            "backup_retention_period": 0,
            "backup_target": "region",
            "backup_window": "04:49-05:19",
            "blue_green_update": [],
            "ca_cert_identifier": "rds-ca-rsa2048-g1",
            "character_set_name": "",
            "copy_tags_to_snapshot": false,
            "custom_iam_instance_profile": "",
            "customer_owned_ip_enabled": false,
            "database_insights_mode": "standard",
            "db_name": "mydb",
            "db_subnet_group_name": "subnet_group_test_01",
            "dedicated_log_volume": false,
            "delete_automated_backups": true,
            "deletion_protection": false,
            "domain": "",
            "domain_auth_secret_arn": "",
            "domain_dns_ips": [],
            "domain_fqdn": "",
            "domain_iam_role_name": "",
            "domain_ou": "",
            "enabled_cloudwatch_logs_exports": [],
            "endpoint": "terraform-20250504154223609200000004.ct826iweg6n5.us-east-1.rds.amazonaws.com:3306",
            "engine": "mysql",
            "engine_lifecycle_support": "open-source-rds-extended-support",
            "engine_version": "8.0",
            "engine_version_actual": "8.0.41",
            "final_snapshot_identifier": null,
            "hosted_zone_id": "Z2R2ITUGPM61AM",
            "iam_database_authentication_enabled": false,
            "id": "db-VFOM52KKRZQHCISWR2ITO7CZYI",
            "identifier": "terraform-20250504154223609200000004",
            "identifier_prefix": "terraform-",
            "instance_class": "db.t3.micro",
            "iops": 0,
            "kms_key_id": "",
            "latest_restorable_time": "",
            "license_model": "general-public-license",
            "listener_endpoint": [],
            "maintenance_window": "tue:03:50-tue:04:20",
            "manage_master_user_password": null,
            "master_user_secret": [],
            "master_user_secret_kms_key_id": null,
            "max_allocated_storage": 0,
            "monitoring_interval": 0,
            "monitoring_role_arn": "",
            "multi_az": false,
            "nchar_character_set_name": "",
            "network_type": "IPV4",
            "option_group_name": "default:mysql-8-0",
            "parameter_group_name": "default.mysql8.0",
            "password": "admin0pass",
            "password_wo": null,
            "password_wo_version": null,
            "performance_insights_enabled": false,
            "performance_insights_kms_key_id": "",
            "performance_insights_retention_period": 0,
            "port": 3306,
            "publicly_accessible": true,
            "replica_mode": "",
            "replicas": [],
            "replicate_source_db": "",
            "resource_id": "db-VFOM52KKRZQHCISWR2ITO7CZYI",
            "restore_to_point_in_time": [],
            "s3_import": [],
            "skip_final_snapshot": true,
            "snapshot_identifier": null,
            "status": "available",
            "storage_encrypted": false,
            "storage_throughput": 0,
            "storage_type": "gp2",
            "tags": {
              "Name": "mydb"
            },
            "tags_all": {
              "Name": "mydb"
            },
            "timeouts": null,
            "timezone": "",
            "upgrade_storage_config": null,
            "username": "admin",
            "vpc_security_group_ids": [
              "sg-03a149f9b99b6b971"
            ]
          },
          "sensitive_attributes": [
            [
              {
                "type": "get_attr",
                "value": "password"
              }
            ],
            [
              {
                "type": "get_attr",
                "value": "password_wo"
              }
            ]
          ],
          "private": "eyJlMmJmYjczMC1lY2FhLTExZTYtOGY4OC0zNDM2M2JjN2M0YzAiOnsiY3JlYXRlIjozMDAwMDAwMDAwMDAwLCJkZWxldGUiOjM2MDAwMDAwMDAwMDAsInVwZGF0ZSI6NDgwMDAwMDAwMDAwMH0sInNjaGVtYV92ZXJzaW9uIjoiMiJ9",
          "dependencies": [
            "module.rds_test.module.db_subnet_group_clone.aws_db_subnet_group.db_subnet_group",
            "module.security_group_test_rds.aws_security_group.security_group",
            "module.vpc_template.module.i_gateway_clone.aws_internet_gateway.internet_gateway",
            "module.vpc_template.module.route_table_private.aws_route_table.route_table",
            "module.vpc_template.module.route_table_public.aws_route_table.route_table",
            "module.vpc_template.module.subnets_clone.aws_subnet.subnet",
            "module.vpc_template.module.vpc_with_full_structure.aws_vpc.vpc"
          ]
        }
      ]
    },
    {
      "module": "module.rds_user.module.rds_deploy.module.db_subnet_group_clone",
      "mode": "managed",
      "type": "aws_db_subnet_group",
      "name": "db_subnet_group",
      "provider": "provider[\"registry.terraform.io/hashicorp/aws\"]",
      "instances": [
        {
          "schema_version": 0,
          "attributes": {
            "arn": "arn:aws:rds:us-east-1:344143994509:subgrp:rds_subnet_group_01",
            "description": "Managed by Terraform",
            "id": "rds_subnet_group_01",
            "name": "rds_subnet_group_01",
            "name_prefix": "",
            "subnet_ids": [
              "subnet-00f2e4ed0c8e7c391",
              "subnet-0ab26f481dede1192"
            ],
            "supported_network_types": [
              "IPV4"
            ],
            "tags": {
              "Name": "rds_subnet_group_01"
            },
            "tags_all": {
              "Name": "rds_subnet_group_01"
            },
            "vpc_id": "vpc-0fad1a2895c364829"
          },
          "sensitive_attributes": [],
          "private": "bnVsbA==",
          "dependencies": [
            "module.vpc_template.module.i_gateway_clone.aws_internet_gateway.internet_gateway",
            "module.vpc_template.module.route_table_private.aws_route_table.route_table",
            "module.vpc_template.module.route_table_public.aws_route_table.route_table",
            "module.vpc_template.module.subnets_clone.aws_subnet.subnet",
            "module.vpc_template.module.vpc_with_full_structure.aws_vpc.vpc"
          ]
        }
      ]
    },
    {
      "module": "module.rds_user.module.rds_deploy.module.rds_clone",
      "mode": "managed",
      "type": "aws_db_instance",
      "name": "rds",
      "provider": "provider[\"registry.terraform.io/hashicorp/aws\"]",
      "instances": [
        {
          "schema_version": 2,
          "attributes": {
            "address": "terraform-20250504155719360200000001.ct826iweg6n5.us-east-1.rds.amazonaws.com",
            "allocated_storage": 20,
            "allow_major_version_upgrade": null,
            "apply_immediately": false,
            "arn": "arn:aws:rds:us-east-1:344143994509:db:terraform-20250504155719360200000001",
            "auto_minor_version_upgrade": true,
            "availability_zone": "us-east-1a",
            "backup_retention_period": 0,
            "backup_target": "region",
            "backup_window": "09:27-09:57",
            "blue_green_update": [],
            "ca_cert_identifier": "rds-ca-rsa2048-g1",
            "character_set_name": "",
            "copy_tags_to_snapshot": false,
            "custom_iam_instance_profile": "",
            "customer_owned_ip_enabled": false,
            "database_insights_mode": "standard",
            "db_name": "test_mysql_01",
            "db_subnet_group_name": "rds_subnet_group_01",
            "dedicated_log_volume": false,
            "delete_automated_backups": true,
            "deletion_protection": false,
            "domain": "",
            "domain_auth_secret_arn": "",
            "domain_dns_ips": [],
            "domain_fqdn": "",
            "domain_iam_role_name": "",
            "domain_ou": "",
            "enabled_cloudwatch_logs_exports": [],
            "endpoint": "terraform-20250504155719360200000001.ct826iweg6n5.us-east-1.rds.amazonaws.com:3306",
            "engine": "mysql",
            "engine_lifecycle_support": "open-source-rds-extended-support",
            "engine_version": "8.0",
            "engine_version_actual": "8.0.41",
            "final_snapshot_identifier": null,
            "hosted_zone_id": "Z2R2ITUGPM61AM",
            "iam_database_authentication_enabled": false,
            "id": "db-JVYWCMBIZ4A4MIQTDWNNELT4HU",
            "identifier": "terraform-20250504155719360200000001",
            "identifier_prefix": "terraform-",
            "instance_class": "db.t3.micro",
            "iops": 0,
            "kms_key_id": "",
            "latest_restorable_time": "",
            "license_model": "general-public-license",
            "listener_endpoint": [],
            "maintenance_window": "sat:03:35-sat:04:05",
            "manage_master_user_password": null,
            "master_user_secret": [],
            "master_user_secret_kms_key_id": null,
            "max_allocated_storage": 0,
            "monitoring_interval": 0,
            "monitoring_role_arn": "",
            "multi_az": false,
            "nchar_character_set_name": "",
            "network_type": "IPV4",
            "option_group_name": "default:mysql-8-0",
            "parameter_group_name": "default.mysql8.0",
            "password": "admin0pass",
            "password_wo": null,
            "password_wo_version": null,
            "performance_insights_enabled": false,
            "performance_insights_kms_key_id": "",
            "performance_insights_retention_period": 0,
            "port": 3306,
            "publicly_accessible": true,
            "replica_mode": "",
            "replicas": [],
            "replicate_source_db": "",
            "resource_id": "db-JVYWCMBIZ4A4MIQTDWNNELT4HU",
            "restore_to_point_in_time": [],
            "s3_import": [],
            "skip_final_snapshot": true,
            "snapshot_identifier": null,
            "status": "available",
            "storage_encrypted": false,
            "storage_throughput": 0,
            "storage_type": "gp2",
            "tags": {
              "Name": "test_mysql_01"
            },
            "tags_all": {
              "Name": "test_mysql_01"
            },
            "timeouts": null,
            "timezone": "",
            "upgrade_storage_config": null,
            "username": "admin",
            "vpc_security_group_ids": [
              "sg-077878e23526a94c9"
            ]
          },
          "sensitive_attributes": [
            [
              {
                "type": "get_attr",
                "value": "password"
              }
            ],
            [
              {
                "type": "get_attr",
                "value": "password_wo"
              }
            ]
          ],
          "private": "eyJlMmJmYjczMC1lY2FhLTExZTYtOGY4OC0zNDM2M2JjN2M0YzAiOnsiY3JlYXRlIjozMDAwMDAwMDAwMDAwLCJkZWxldGUiOjM2MDAwMDAwMDAwMDAsInVwZGF0ZSI6NDgwMDAwMDAwMDAwMH0sInNjaGVtYV92ZXJzaW9uIjoiMiJ9",
          "dependencies": [
            "module.rds_user.module.rds_deploy.module.db_subnet_group_clone.aws_db_subnet_group.db_subnet_group",
            "module.rds_user.module.security_group_for_rds.aws_security_group.security_group",
            "module.vpc_template.module.i_gateway_clone.aws_internet_gateway.internet_gateway",
            "module.vpc_template.module.route_table_private.aws_route_table.route_table",
            "module.vpc_template.module.route_table_public.aws_route_table.route_table",
            "module.vpc_template.module.subnets_clone.aws_subnet.subnet",
            "module.vpc_template.module.vpc_with_full_structure.aws_vpc.vpc"
          ]
        }
      ]
    },
    {
      "module": "module.rds_user.module.security_group_for_rds",
      "mode": "managed",
      "type": "aws_security_group",
      "name": "security_group",
      "provider": "provider[\"registry.terraform.io/hashicorp/aws\"]",
      "instances": [
        {
          "schema_version": 1,
          "attributes": {
            "arn": "arn:aws:ec2:us-east-1:344143994509:security-group/sg-077878e23526a94c9",
            "description": "Security Group with Ingress and Egress rules",
            "egress": [
              {
                "cidr_blocks": [
                  "0.0.0.0/0"
                ],
                "description": "",
                "from_port": 0,
                "ipv6_cidr_blocks": [],
                "prefix_list_ids": [],
                "protocol": "-1",
                "security_groups": [],
                "self": false,
                "to_port": 0
              }
            ],
            "id": "sg-077878e23526a94c9",
            "ingress": [
              {
                "cidr_blocks": [
                  "0.0.0.0/0"
                ],
                "description": "",
                "from_port": 22,
                "ipv6_cidr_blocks": [],
                "prefix_list_ids": [],
                "protocol": "tcp",
                "security_groups": [],
                "self": false,
                "to_port": 22
              },
              {
                "cidr_blocks": [
                  "0.0.0.0/0"
                ],
                "description": "",
                "from_port": 3306,
                "ipv6_cidr_blocks": [],
                "prefix_list_ids": [],
                "protocol": "tcp",
                "security_groups": [],
                "self": false,
                "to_port": 3306
              }
            ],
            "name": "rds_security_01",
            "name_prefix": "",
            "owner_id": "344143994509",
            "revoke_rules_on_delete": false,
            "tags": {
              "Name": "rds_security_01"
            },
            "tags_all": {
              "Name": "rds_security_01"
            },
            "timeouts": null,
            "vpc_id": "vpc-0fad1a2895c364829"
          },
          "sensitive_attributes": [],
          "private": "eyJlMmJmYjczMC1lY2FhLTExZTYtOGY4OC0zNDM2M2JjN2M0YzAiOnsiY3JlYXRlIjo2MDAwMDAwMDAwMDAsImRlbGV0ZSI6OTAwMDAwMDAwMDAwfSwic2NoZW1hX3ZlcnNpb24iOiIxIn0=",
          "dependencies": [
            "module.vpc_template.module.i_gateway_clone.aws_internet_gateway.internet_gateway",
            "module.vpc_template.module.route_table_private.aws_route_table.route_table",
            "module.vpc_template.module.route_table_public.aws_route_table.route_table",
            "module.vpc_template.module.subnets_clone.aws_subnet.subnet",
            "module.vpc_template.module.vpc_with_full_structure.aws_vpc.vpc"
          ]
        }
      ]
    },
    {
      "module": "module.security_group_test_rds",
      "mode": "managed",
      "type": "aws_security_group",
      "name": "security_group",
      "provider": "provider[\"registry.terraform.io/hashicorp/aws\"]",
      "instances": [
        {
          "schema_version": 1,
          "attributes": {
            "arn": "arn:aws:ec2:us-east-1:344143994509:security-group/sg-03a149f9b99b6b971",
            "description": "Security Group with Ingress and Egress rules",
            "egress": [
              {
                "cidr_blocks": [
                  "0.0.0.0/0"
                ],
                "description": "",
                "from_port": 0,
                "ipv6_cidr_blocks": [],
                "prefix_list_ids": [],
                "protocol": "-1",
                "security_groups": [],
                "self": false,
                "to_port": 0
              }
            ],
            "id": "sg-03a149f9b99b6b971",
            "ingress": [
              {
                "cidr_blocks": [
                  "0.0.0.0/0"
                ],
                "description": "",
                "from_port": -1,
                "ipv6_cidr_blocks": [],
                "prefix_list_ids": [],
                "protocol": "icmp",
                "security_groups": [],
                "self": false,
                "to_port": -1
              },
              {
                "cidr_blocks": [
                  "0.0.0.0/0"
                ],
                "description": "",
                "from_port": 22,
                "ipv6_cidr_blocks": [],
                "prefix_list_ids": [],
                "protocol": "tcp",
                "security_groups": [],
                "self": false,
                "to_port": 22
              },
              {
                "cidr_blocks": [
                  "0.0.0.0/0"
                ],
                "description": "",
                "from_port": 3306,
                "ipv6_cidr_blocks": [],
                "prefix_list_ids": [],
                "protocol": "tcp",
                "security_groups": [],
                "self": false,
                "to_port": 3306
              }
            ],
            "name": "sg_01",
            "name_prefix": "",
            "owner_id": "344143994509",
            "revoke_rules_on_delete": false,
            "tags": {
              "Name": "sg_01"
            },
            "tags_all": {
              "Name": "sg_01"
            },
            "timeouts": null,
            "vpc_id": "vpc-0fad1a2895c364829"
          },
          "sensitive_attributes": [],
          "private": "eyJlMmJmYjczMC1lY2FhLTExZTYtOGY4OC0zNDM2M2JjN2M0YzAiOnsiY3JlYXRlIjo2MDAwMDAwMDAwMDAsImRlbGV0ZSI6OTAwMDAwMDAwMDAwfSwic2NoZW1hX3ZlcnNpb24iOiIxIn0=",
          "dependencies": [
            "module.vpc_template.module.i_gateway_clone.aws_internet_gateway.internet_gateway",
            "module.vpc_template.module.route_table_private.aws_route_table.route_table",
            "module.vpc_template.module.route_table_public.aws_route_table.route_table",
            "module.vpc_template.module.subnets_clone.aws_subnet.subnet",
            "module.vpc_template.module.vpc_with_full_structure.aws_vpc.vpc"
          ]
        }
      ]
    },
    {
      "module": "module.vpc_template",
      "mode": "managed",
      "type": "aws_route_table_association",
      "name": "asc_private_subnet",
      "provider": "provider[\"registry.terraform.io/hashicorp/aws\"]",
      "instances": [
        {
          "index_key": "private_subnet_01",
          "schema_version": 0,
          "attributes": {
            "gateway_id": "",
            "id": "rtbassoc-0544d1e6727c14390",
            "route_table_id": "rtb-0861f00dbe1c1b41d",
            "subnet_id": "subnet-009192ae9154e5d2d",
            "timeouts": null
          },
          "sensitive_attributes": [],
          "private": "eyJlMmJmYjczMC1lY2FhLTExZTYtOGY4OC0zNDM2M2JjN2M0YzAiOnsiY3JlYXRlIjozMDAwMDAwMDAwMDAsImRlbGV0ZSI6MzAwMDAwMDAwMDAwLCJ1cGRhdGUiOjEyMDAwMDAwMDAwMH19",
          "dependencies": [
            "module.vpc_template.module.route_table_private.aws_route_table.route_table",
            "module.vpc_template.module.subnets_clone.aws_subnet.subnet",
            "module.vpc_template.module.vpc_with_full_structure.aws_vpc.vpc"
          ]
        },
        {
          "index_key": "private_subnet_02",
          "schema_version": 0,
          "attributes": {
            "gateway_id": "",
            "id": "rtbassoc-0e5f911886a3d138b",
            "route_table_id": "rtb-0861f00dbe1c1b41d",
            "subnet_id": "subnet-005f9df5c5e491259",
            "timeouts": null
          },
          "sensitive_attributes": [],
          "private": "eyJlMmJmYjczMC1lY2FhLTExZTYtOGY4OC0zNDM2M2JjN2M0YzAiOnsiY3JlYXRlIjozMDAwMDAwMDAwMDAsImRlbGV0ZSI6MzAwMDAwMDAwMDAwLCJ1cGRhdGUiOjEyMDAwMDAwMDAwMH19",
          "dependencies": [
            "module.vpc_template.module.route_table_private.aws_route_table.route_table",
            "module.vpc_template.module.subnets_clone.aws_subnet.subnet",
            "module.vpc_template.module.vpc_with_full_structure.aws_vpc.vpc"
          ]
        }
      ]
    },
    {
      "module": "module.vpc_template",
      "mode": "managed",
      "type": "aws_route_table_association",
      "name": "asc_public_subnet",
      "provider": "provider[\"registry.terraform.io/hashicorp/aws\"]",
      "instances": [
        {
          "index_key": "public_subnet_01",
          "schema_version": 0,
          "attributes": {
            "gateway_id": "",
            "id": "rtbassoc-0f5661070c0d69ae8",
            "route_table_id": "rtb-0a72f07584c82b035",
            "subnet_id": "subnet-0ab26f481dede1192",
            "timeouts": null
          },
          "sensitive_attributes": [],
          "private": "eyJlMmJmYjczMC1lY2FhLTExZTYtOGY4OC0zNDM2M2JjN2M0YzAiOnsiY3JlYXRlIjozMDAwMDAwMDAwMDAsImRlbGV0ZSI6MzAwMDAwMDAwMDAwLCJ1cGRhdGUiOjEyMDAwMDAwMDAwMH19",
          "dependencies": [
            "module.vpc_template.module.i_gateway_clone.aws_internet_gateway.internet_gateway",
            "module.vpc_template.module.route_table_public.aws_route_table.route_table",
            "module.vpc_template.module.subnets_clone.aws_subnet.subnet",
            "module.vpc_template.module.vpc_with_full_structure.aws_vpc.vpc"
          ]
        },
        {
          "index_key": "public_subnet_02",
          "schema_version": 0,
          "attributes": {
            "gateway_id": "",
            "id": "rtbassoc-0f8beb57701baf1d3",
            "route_table_id": "rtb-0a72f07584c82b035",
            "subnet_id": "subnet-00f2e4ed0c8e7c391",
            "timeouts": null
          },
          "sensitive_attributes": [],
          "private": "eyJlMmJmYjczMC1lY2FhLTExZTYtOGY4OC0zNDM2M2JjN2M0YzAiOnsiY3JlYXRlIjozMDAwMDAwMDAwMDAsImRlbGV0ZSI6MzAwMDAwMDAwMDAwLCJ1cGRhdGUiOjEyMDAwMDAwMDAwMH19",
          "dependencies": [
            "module.vpc_template.module.i_gateway_clone.aws_internet_gateway.internet_gateway",
            "module.vpc_template.module.route_table_public.aws_route_table.route_table",
            "module.vpc_template.module.subnets_clone.aws_subnet.subnet",
            "module.vpc_template.module.vpc_with_full_structure.aws_vpc.vpc"
          ]
        }
      ]
    },
    {
      "module": "module.vpc_template.module.i_gateway_clone",
      "mode": "managed",
      "type": "aws_internet_gateway",
      "name": "internet_gateway",
      "provider": "provider[\"registry.terraform.io/hashicorp/aws\"]",
      "instances": [
        {
          "schema_version": 0,
          "attributes": {
            "arn": "arn:aws:ec2:us-east-1:344143994509:internet-gateway/igw-08998c65b86bae6bc",
            "id": "igw-08998c65b86bae6bc",
            "owner_id": "344143994509",
            "tags": {
              "Environment": "dev",
              "Name": "test_gateway_01"
            },
            "tags_all": {
              "Environment": "dev",
              "Name": "test_gateway_01"
            },
            "timeouts": null,
            "vpc_id": "vpc-0fad1a2895c364829"
          },
          "sensitive_attributes": [],
          "private": "eyJlMmJmYjczMC1lY2FhLTExZTYtOGY4OC0zNDM2M2JjN2M0YzAiOnsiY3JlYXRlIjoxMjAwMDAwMDAwMDAwLCJkZWxldGUiOjEyMDAwMDAwMDAwMDAsInVwZGF0ZSI6MTIwMDAwMDAwMDAwMH19",
          "dependencies": [
            "module.vpc_template.module.vpc_with_full_structure.aws_vpc.vpc"
          ]
        }
      ]
    },
    {
      "module": "module.vpc_template.module.route_table_private",
      "mode": "managed",
      "type": "aws_route_table",
      "name": "route_table",
      "provider": "provider[\"registry.terraform.io/hashicorp/aws\"]",
      "instances": [
        {
          "schema_version": 0,
          "attributes": {
            "arn": "arn:aws:ec2:us-east-1:344143994509:route-table/rtb-0861f00dbe1c1b41d",
            "id": "rtb-0861f00dbe1c1b41d",
            "owner_id": "344143994509",
            "propagating_vgws": [],
            "route": [
              {
                "carrier_gateway_id": "",
                "cidr_block": "0.0.0.0/0",
                "core_network_arn": "",
                "destination_prefix_list_id": "",
                "egress_only_gateway_id": "",
                "gateway_id": "",
                "ipv6_cidr_block": "",
                "local_gateway_id": "",
                "nat_gateway_id": "nat-028f050063a6cddd4",
                "network_interface_id": "",
                "transit_gateway_id": "",
                "vpc_endpoint_id": "",
                "vpc_peering_connection_id": ""
              }
            ],
            "tags": {
              "Environment": "dev",
              "Name": "private_route_table_01"
            },
            "tags_all": {
              "Environment": "dev",
              "Name": "private_route_table_01"
            },
            "timeouts": null,
            "vpc_id": "vpc-0fad1a2895c364829"
          },
          "sensitive_attributes": [],
          "private": "eyJlMmJmYjczMC1lY2FhLTExZTYtOGY4OC0zNDM2M2JjN2M0YzAiOnsiY3JlYXRlIjozMDAwMDAwMDAwMDAsImRlbGV0ZSI6MzAwMDAwMDAwMDAwLCJ1cGRhdGUiOjEyMDAwMDAwMDAwMH19",
          "dependencies": [
            "module.vpc_template.module.vpc_with_full_structure.aws_vpc.vpc"
          ]
        }
      ]
    },
    {
      "module": "module.vpc_template.module.route_table_public",
      "mode": "managed",
      "type": "aws_route_table",
      "name": "route_table",
      "provider": "provider[\"registry.terraform.io/hashicorp/aws\"]",
      "instances": [
        {
          "schema_version": 0,
          "attributes": {
            "arn": "arn:aws:ec2:us-east-1:344143994509:route-table/rtb-0a72f07584c82b035",
            "id": "rtb-0a72f07584c82b035",
            "owner_id": "344143994509",
            "propagating_vgws": [],
            "route": [
              {
                "carrier_gateway_id": "",
                "cidr_block": "0.0.0.0/0",
                "core_network_arn": "",
                "destination_prefix_list_id": "",
                "egress_only_gateway_id": "",
                "gateway_id": "igw-08998c65b86bae6bc",
                "ipv6_cidr_block": "",
                "local_gateway_id": "",
                "nat_gateway_id": "",
                "network_interface_id": "",
                "transit_gateway_id": "",
                "vpc_endpoint_id": "",
                "vpc_peering_connection_id": ""
              }
            ],
            "tags": {
              "Environment": "dev",
              "Name": "public_route_table_01"
            },
            "tags_all": {
              "Environment": "dev",
              "Name": "public_route_table_01"
            },
            "timeouts": null,
            "vpc_id": "vpc-0fad1a2895c364829"
          },
          "sensitive_attributes": [],
          "private": "eyJlMmJmYjczMC1lY2FhLTExZTYtOGY4OC0zNDM2M2JjN2M0YzAiOnsiY3JlYXRlIjozMDAwMDAwMDAwMDAsImRlbGV0ZSI6MzAwMDAwMDAwMDAwLCJ1cGRhdGUiOjEyMDAwMDAwMDAwMH19",
          "dependencies": [
            "module.vpc_template.module.i_gateway_clone.aws_internet_gateway.internet_gateway",
            "module.vpc_template.module.vpc_with_full_structure.aws_vpc.vpc"
          ]
        }
      ]
    },
    {
      "module": "module.vpc_template.module.subnets_clone[\"private_subnet_01\"]",
      "mode": "managed",
      "type": "aws_subnet",
      "name": "subnet",
      "provider": "provider[\"registry.terraform.io/hashicorp/aws\"]",
      "instances": [
        {
          "schema_version": 1,
          "attributes": {
            "arn": "arn:aws:ec2:us-east-1:344143994509:subnet/subnet-009192ae9154e5d2d",
            "assign_ipv6_address_on_creation": false,
            "availability_zone": "us-east-1a",
            "availability_zone_id": "use1-az6",
            "cidr_block": "172.0.0.0/18",
            "customer_owned_ipv4_pool": "",
            "enable_dns64": false,
            "enable_lni_at_device_index": 0,
            "enable_resource_name_dns_a_record_on_launch": false,
            "enable_resource_name_dns_aaaa_record_on_launch": false,
            "id": "subnet-009192ae9154e5d2d",
            "ipv6_cidr_block": "",
            "ipv6_cidr_block_association_id": "",
            "ipv6_native": false,
            "map_customer_owned_ip_on_launch": false,
            "map_public_ip_on_launch": true,
            "outpost_arn": "",
            "owner_id": "344143994509",
            "private_dns_hostname_type_on_launch": "ip-name",
            "tags": {
              "Name": "private_subnet_01"
            },
            "tags_all": {
              "Name": "private_subnet_01"
            },
            "timeouts": null,
            "vpc_id": "vpc-0fad1a2895c364829"
          },
          "sensitive_attributes": [],
          "private": "eyJlMmJmYjczMC1lY2FhLTExZTYtOGY4OC0zNDM2M2JjN2M0YzAiOnsiY3JlYXRlIjo2MDAwMDAwMDAwMDAsImRlbGV0ZSI6MTIwMDAwMDAwMDAwMH0sInNjaGVtYV92ZXJzaW9uIjoiMSJ9",
          "dependencies": [
            "module.vpc_template.module.vpc_with_full_structure.aws_vpc.vpc"
          ]
        }
      ]
    },
    {
      "module": "module.vpc_template.module.subnets_clone[\"private_subnet_02\"]",
      "mode": "managed",
      "type": "aws_subnet",
      "name": "subnet",
      "provider": "provider[\"registry.terraform.io/hashicorp/aws\"]",
      "instances": [
        {
          "schema_version": 1,
          "attributes": {
            "arn": "arn:aws:ec2:us-east-1:344143994509:subnet/subnet-005f9df5c5e491259",
            "assign_ipv6_address_on_creation": false,
            "availability_zone": "us-east-1b",
            "availability_zone_id": "use1-az1",
            "cidr_block": "172.0.128.0/18",
            "customer_owned_ipv4_pool": "",
            "enable_dns64": false,
            "enable_lni_at_device_index": 0,
            "enable_resource_name_dns_a_record_on_launch": false,
            "enable_resource_name_dns_aaaa_record_on_launch": false,
            "id": "subnet-005f9df5c5e491259",
            "ipv6_cidr_block": "",
            "ipv6_cidr_block_association_id": "",
            "ipv6_native": false,
            "map_customer_owned_ip_on_launch": false,
            "map_public_ip_on_launch": true,
            "outpost_arn": "",
            "owner_id": "344143994509",
            "private_dns_hostname_type_on_launch": "ip-name",
            "tags": {
              "Name": "private_subnet_02"
            },
            "tags_all": {
              "Name": "private_subnet_02"
            },
            "timeouts": null,
            "vpc_id": "vpc-0fad1a2895c364829"
          },
          "sensitive_attributes": [],
          "private": "eyJlMmJmYjczMC1lY2FhLTExZTYtOGY4OC0zNDM2M2JjN2M0YzAiOnsiY3JlYXRlIjo2MDAwMDAwMDAwMDAsImRlbGV0ZSI6MTIwMDAwMDAwMDAwMH0sInNjaGVtYV92ZXJzaW9uIjoiMSJ9",
          "dependencies": [
            "module.vpc_template.module.vpc_with_full_structure.aws_vpc.vpc"
          ]
        }
      ]
    },
    {
      "module": "module.vpc_template.module.subnets_clone[\"public_subnet_01\"]",
      "mode": "managed",
      "type": "aws_subnet",
      "name": "subnet",
      "provider": "provider[\"registry.terraform.io/hashicorp/aws\"]",
      "instances": [
        {
          "schema_version": 1,
          "attributes": {
            "arn": "arn:aws:ec2:us-east-1:344143994509:subnet/subnet-0ab26f481dede1192",
            "assign_ipv6_address_on_creation": false,
            "availability_zone": "us-east-1a",
            "availability_zone_id": "use1-az6",
            "cidr_block": "172.0.64.0/18",
            "customer_owned_ipv4_pool": "",
            "enable_dns64": false,
            "enable_lni_at_device_index": 0,
            "enable_resource_name_dns_a_record_on_launch": false,
            "enable_resource_name_dns_aaaa_record_on_launch": false,
            "id": "subnet-0ab26f481dede1192",
            "ipv6_cidr_block": "",
            "ipv6_cidr_block_association_id": "",
            "ipv6_native": false,
            "map_customer_owned_ip_on_launch": false,
            "map_public_ip_on_launch": true,
            "outpost_arn": "",
            "owner_id": "344143994509",
            "private_dns_hostname_type_on_launch": "ip-name",
            "tags": {
              "Name": "public_subnet_01"
            },
            "tags_all": {
              "Name": "public_subnet_01"
            },
            "timeouts": null,
            "vpc_id": "vpc-0fad1a2895c364829"
          },
          "sensitive_attributes": [],
          "private": "eyJlMmJmYjczMC1lY2FhLTExZTYtOGY4OC0zNDM2M2JjN2M0YzAiOnsiY3JlYXRlIjo2MDAwMDAwMDAwMDAsImRlbGV0ZSI6MTIwMDAwMDAwMDAwMH0sInNjaGVtYV92ZXJzaW9uIjoiMSJ9",
          "dependencies": [
            "module.vpc_template.module.vpc_with_full_structure.aws_vpc.vpc"
          ]
        }
      ]
    },
    {
      "module": "module.vpc_template.module.subnets_clone[\"public_subnet_02\"]",
      "mode": "managed",
      "type": "aws_subnet",
      "name": "subnet",
      "provider": "provider[\"registry.terraform.io/hashicorp/aws\"]",
      "instances": [
        {
          "schema_version": 1,
          "attributes": {
            "arn": "arn:aws:ec2:us-east-1:344143994509:subnet/subnet-00f2e4ed0c8e7c391",
            "assign_ipv6_address_on_creation": false,
            "availability_zone": "us-east-1b",
            "availability_zone_id": "use1-az1",
            "cidr_block": "172.0.192.0/18",
            "customer_owned_ipv4_pool": "",
            "enable_dns64": false,
            "enable_lni_at_device_index": 0,
            "enable_resource_name_dns_a_record_on_launch": false,
            "enable_resource_name_dns_aaaa_record_on_launch": false,
            "id": "subnet-00f2e4ed0c8e7c391",
            "ipv6_cidr_block": "",
            "ipv6_cidr_block_association_id": "",
            "ipv6_native": false,
            "map_customer_owned_ip_on_launch": false,
            "map_public_ip_on_launch": true,
            "outpost_arn": "",
            "owner_id": "344143994509",
            "private_dns_hostname_type_on_launch": "ip-name",
            "tags": {
              "Name": "public_subnet_02"
            },
            "tags_all": {
              "Name": "public_subnet_02"
            },
            "timeouts": null,
            "vpc_id": "vpc-0fad1a2895c364829"
          },
          "sensitive_attributes": [],
          "private": "eyJlMmJmYjczMC1lY2FhLTExZTYtOGY4OC0zNDM2M2JjN2M0YzAiOnsiY3JlYXRlIjo2MDAwMDAwMDAwMDAsImRlbGV0ZSI6MTIwMDAwMDAwMDAwMH0sInNjaGVtYV92ZXJzaW9uIjoiMSJ9",
          "dependencies": [
            "module.vpc_template.module.vpc_with_full_structure.aws_vpc.vpc"
          ]
        }
      ]
    },
    {
      "module": "module.vpc_template.module.vpc_with_full_structure",
      "mode": "managed",
      "type": "aws_vpc",
      "name": "vpc",
      "provider": "provider[\"registry.terraform.io/hashicorp/aws\"]",
      "instances": [
        {
          "schema_version": 1,
          "attributes": {
            "arn": "arn:aws:ec2:us-east-1:344143994509:vpc/vpc-0fad1a2895c364829",
            "assign_generated_ipv6_cidr_block": false,
            "cidr_block": "172.0.0.0/16",
            "default_network_acl_id": "acl-08f9ba250fbcc1123",
            "default_route_table_id": "rtb-07db8902dd37adc6e",
            "default_security_group_id": "sg-0949aa17eaff66155",
            "dhcp_options_id": "dopt-0a13d6b77a0b3349c",
            "enable_dns_hostnames": true,
            "enable_dns_support": true,
            "enable_network_address_usage_metrics": false,
            "id": "vpc-0fad1a2895c364829",
            "instance_tenancy": "default",
            "ipv4_ipam_pool_id": null,
            "ipv4_netmask_length": null,
            "ipv6_association_id": "",
            "ipv6_cidr_block": "",
            "ipv6_cidr_block_network_border_group": "",
            "ipv6_ipam_pool_id": "",
            "ipv6_netmask_length": 0,
            "main_route_table_id": "rtb-07db8902dd37adc6e",
            "owner_id": "344143994509",
            "tags": {
              "Name": "test_vpc_01"
            },
            "tags_all": {
              "Name": "test_vpc_01"
            }
          },
          "sensitive_attributes": [],
          "private": "eyJzY2hlbWFfdmVyc2lvbiI6IjEifQ=="
        }
      ]
    }
  ],
  "check_results": null
}
